
Microsoft Visual Studio Solution File, Format Version 12.00
# Visual Studio Version 17
VisualStudioVersion = 17.6.33829.357
MinimumVisualStudioVersion = 10.0.40219.1
Project("{FAE04EC0-301F-11D3-BF4B-00C04F79EFBC}") = "Kalkulator", "Kalkulator\Kalkulator.csproj", "{422D33C1-434B-4715-98AC-A380AF279DF0}"
EndProject
Global
	GlobalSection(SolutionConfigurationPlatforms) = preSolution
		Debug|Any CPU = Debug|Any CPU
		Release|Any CPU = Release|Any CPU
	EndGlobalSection
	GlobalSection(ProjectConfigurationPlatforms) = postSolution
		{422D33C1-434B-4715-98AC-A380AF279DF0}.Debug|Any CPU.ActiveCfg = Debug|Any CPU
		{422D33C1-434B-4715-98AC-A380AF279DF0}.Debug|Any CPU.Build.0 = Debug|Any CPU
		{422D33C1-434B-4715-98AC-A380AF279DF0}.Release|Any CPU.ActiveCfg = Release|Any CPU
		{422D33C1-434B-4715-98AC-A380AF279DF0}.Release|Any CPU.Build.0 = Release|Any CPU
	EndGlobalSection
	GlobalSection(SolutionProperties) = preSolution
		HideSolutionNode = FALSE
	EndGlobalSection
	GlobalSection(ExtensibilityGlobals) = postSolution
		SolutionGuid = {1D5BD5BE-7CF5-459D-9918-20491E1194C3}
	EndGlobalSection
EndGlobal
